<?xml version="1.0" encoding="utf-8"?>
<Project ToolsVersion="4.0" xmlns="http://schemas.microsoft.com/developer/msbuild/2003">
  <ItemGroup>
    <Filter Include="Archivos de recursos">
      <UniqueIdentifier>{67DA6AB6-F800-4c08-8B7A-83BB121AAD01}</UniqueIdentifier>
      <Extensions>rc;ico;cur;bmp;dlg;rc2;rct;bin;rgs;gif;jpg;jpeg;jpe;resx;tiff;tif;png;wav;mfcribbon-ms</Extensions>
    </Filter>
    <Filter Include="Logic">
      <UniqueIdentifier>{89d8319c-2eb9-4f8c-afbb-e7f230c8a12a}</UniqueIdentifier>
    </Filter>
    <Filter Include="Platform">
      <UniqueIdentifier>{98108fef-ccf9-4f65-867b-3f825b546273}</UniqueIdentifier>
    </Filter>
    <Filter Include="Renderer">
      <UniqueIdentifier>{2fd44bba-390b-4ae0-a14d-666a6a7fdcbe}</UniqueIdentifier>
    </Filter>
    <Filter Include="Renderer\PC">
      <UniqueIdentifier>{9c6ffa74-6b52-4ba6-8038-3d674103edeb}</UniqueIdentifier>
    </Filter>
    <Filter Include="Platform\PC">
      <UniqueIdentifier>{bc98ad93-da41-4a23-bb0f-bcd0ee7147bd}</UniqueIdentifier>
    </Filter>
  </ItemGroup>
  <ItemGroup>
    <ClCompile Include="..\..\..\src\Platform\PC\PlatformPC.cpp">
      <Filter>Platform\PC</Filter>
    </ClCompile>
    <ClCompile Include="..\..\..\src\Renderer\PC\RendererPC.cpp">
      <Filter>Renderer\PC</Filter>
    </ClCompile>
    <ClCompile Include="..\..\..\src\Logic\Fire.cpp">
      <Filter>Logic</Filter>
    </ClCompile>
    <ClCompile Include="..\..\..\src\Logic\Sphere.cpp">
      <Filter>Logic</Filter>
    </ClCompile>
    <ClCompile Include="..\..\..\src\Logic\WhiteBars.cpp">
      <Filter>Logic</Filter>
    </ClCompile>
    <ClCompile Include="..\..\..\src\main.cpp" />
  </ItemGroup>
  <ItemGroup>
    <ClInclude Include="..\..\..\src\Platform\Platform.h">
      <Filter>Platform</Filter>
    </ClInclude>
    <ClInclude Include="..\..\..\src\Platform\PC\PlatformPC.h">
      <Filter>Platform\PC</Filter>
    </ClInclude>
    <ClInclude Include="..\..\..\src\Renderer\Renderer.h">
      <Filter>Renderer</Filter>
    </ClInclude>
    <ClInclude Include="..\..\..\src\Renderer\PC\RendererPC.h">
      <Filter>Renderer\PC</Filter>
    </ClInclude>
    <ClInclude Include="..\..\..\src\Logic\Fire.h">
      <Filter>Logic</Filter>
    </ClInclude>
    <ClInclude Include="..\..\..\src\Logic\Sphere.h">
      <Filter>Logic</Filter>
    </ClInclude>
    <ClInclude Include="..\..\..\src\Logic\WhiteBars.h">
      <Filter>Logic</Filter>
    </ClInclude>
  </ItemGroup>
</Project>