<?xml version="1.0" encoding="utf-8"?>
<Project ToolsVersion="4.0" xmlns="http://schemas.microsoft.com/developer/msbuild/2003">
  <ItemGroup>
    <Filter Include="Logic">
      <UniqueIdentifier>{ea7b4eb1-1700-4f34-aaab-2c969b2a0599}</UniqueIdentifier>
    </Filter>
    <Filter Include="Renderer">
      <UniqueIdentifier>{95fdaf83-90db-4da1-9677-925a29599a0f}</UniqueIdentifier>
    </Filter>
    <Filter Include="Platform">
      <UniqueIdentifier>{fe27941e-764e-422b-81e6-e4755c9e3f8f}</UniqueIdentifier>
    </Filter>
    <Filter Include="Platform\PC">
      <UniqueIdentifier>{4d49e887-1c2c-42a5-b6b2-fba1a39d5b3f}</UniqueIdentifier>
    </Filter>
    <Filter Include="Renderer\PC">
      <UniqueIdentifier>{21067dd2-6d6c-4993-859b-b15b2b7d7ae7}</UniqueIdentifier>
    </Filter>
  </ItemGroup>
  <ItemGroup>
    <ClCompile Include="..\..\src\Main.cpp" />
    <ClCompile Include="..\..\src\Logic\Drops.cpp">
      <Filter>Logic</Filter>
    </ClCompile>
    <ClCompile Include="..\..\src\Platform\PC\PlatformPC.cpp">
      <Filter>Platform\PC</Filter>
    </ClCompile>
    <ClCompile Include="..\..\src\Renderer\RenderThread.cpp">
      <Filter>Renderer</Filter>
    </ClCompile>
    <ClCompile Include="..\..\src\Renderer\PC\RendererPC.cpp">
      <Filter>Renderer\PC</Filter>
    </ClCompile>
    <ClCompile Include="..\..\src\Utils.cpp" />
  </ItemGroup>
  <ItemGroup>
    <ClInclude Include="..\..\src\Logic\Drops.h">
      <Filter>Logic</Filter>
    </ClInclude>
    <ClInclude Include="..\..\src\Platform\Platform.h">
      <Filter>Platform</Filter>
    </ClInclude>
    <ClInclude Include="..\..\src\Platform\PC\PlatformPC.h">
      <Filter>Platform\PC</Filter>
    </ClInclude>
    <ClInclude Include="..\..\src\Renderer\Queue.h">
      <Filter>Renderer</Filter>
    </ClInclude>
    <ClInclude Include="..\..\src\Renderer\Renderer.h">
      <Filter>Renderer</Filter>
    </ClInclude>
    <ClInclude Include="..\..\src\Renderer\RenderThread.h">
      <Filter>Renderer</Filter>
    </ClInclude>
    <ClInclude Include="..\..\src\Renderer\PC\RendererPC.h">
      <Filter>Renderer\PC</Filter>
    </ClInclude>
    <ClInclude Include="..\..\src\Utils.h" />
  </ItemGroup>
</Project>